// !$*UTF8*$!
{
	archiveVersion = 1;
	classes = {
	};
	objectVersion = 46;
	objects = {

/* Begin PBXBuildFile section */
		00920A1D1C4E117E0020AB9E /* SWRevealViewController.m in Sources */ = {isa = PBXBuildFile; fileRef = 00920A1B1C4E117E0020AB9E /* SWRevealViewController.m */; };
		00920A231C4E211A0020AB9E /* Example1ViewController.swift in Sources */ = {isa = PBXBuildFile; fileRef = 00920A221C4E211A0020AB9E /* Example1ViewController.swift */; };
		00920A251C4E23D10020AB9E /* Example2ViewController.swift in Sources */ = {isa = PBXBuildFile; fileRef = 00920A241C4E23D10020AB9E /* Example2ViewController.swift */; };
		00920A271C4E27FE0020AB9E /* Tab2ViewController.swift in Sources */ = {isa = PBXBuildFile; fileRef = 00920A261C4E27FE0020AB9E /* Tab2ViewController.swift */; };
		00920A291C4E28810020AB9E /* Tab1ViewController.swift in Sources */ = {isa = PBXBuildFile; fileRef = 00920A281C4E28810020AB9E /* Tab1ViewController.swift */; };
		00DD9FE81C4E10880071A570 /* AppDelegate.swift in Sources */ = {isa = PBXBuildFile; fileRef = 00DD9FE71C4E10880071A570 /* AppDelegate.swift */; };
		00DD9FED1C4E10880071A570 /* Main.storyboard in Resources */ = {isa = PBXBuildFile; fileRef = 00DD9FEB1C4E10880071A570 /* Main.storyboard */; };
		00DD9FEF1C4E10880071A570 /* Assets.xcassets in Resources */ = {isa = PBXBuildFile; fileRef = 00DD9FEE1C4E10880071A570 /* Assets.xcassets */; };
		00DD9FF21C4E10880071A570 /* LaunchScreen.storyboard in Resources */ = {isa = PBXBuildFile; fileRef = 00DD9FF01C4E10880071A570 /* LaunchScreen.storyboard */; };
/* End PBXBuildFile section */

/* Begin PBXFileReference section */
		00920A1A1C4E117E0020AB9E /* app-ios-Bridging-Header.h */ = {isa = PBXFileReference; lastKnownFileType = sourcecode.c.h; path = "app-ios-Bridging-Header.h"; sourceTree = "<group>"; };
		00920A1B1C4E117E0020AB9E /* SWRevealViewController.m */ = {isa = PBXFileReference; fileEncoding = 4; lastKnownFileType = sourcecode.c.objc; path = SWRevealViewController.m; sourceTree = "<group>"; };
		00920A1C1C4E117E0020AB9E /* SWRevealViewController.h */ = {isa = PBXFileReference; fileEncoding = 4; lastKnownFileType = sourcecode.c.h; path = SWRevealViewController.h; sourceTree = "<group>"; };
		00920A221C4E211A0020AB9E /* Example1ViewController.swift */ = {isa = PBXFileReference; fileEncoding = 4; lastKnownFileType = sourcecode.swift; path = Example1ViewController.swift; sourceTree = "<group>"; };
		00920A241C4E23D10020AB9E /* Example2ViewController.swift */ = {isa = PBXFileReference; fileEncoding = 4; lastKnownFileType = sourcecode.swift; path = Example2ViewController.swift; sourceTree = "<group>"; };
		00920A261C4E27FE0020AB9E /* Tab2ViewController.swift */ = {isa = PBXFileReference; fileEncoding = 4; lastKnownFileType = sourcecode.swift; path = Tab2ViewController.swift; sourceTree = "<group>"; };
		00920A281C4E28810020AB9E /* Tab1ViewController.swift */ = {isa = PBXFileReference; fileEncoding = 4; lastKnownFileType = sourcecode.swift; path = Tab1ViewController.swift; sourceTree = "<group>"; };
		00DD9FE41C4E10880071A570 /* app-ios.app */ = {isa = PBXFileReference; explicitFileType = wrapper.application; includeInIndex = 0; path = "app-ios.app"; sourceTree = BUILT_PRODUCTS_DIR; };
		00DD9FE71C4E10880071A570 /* AppDelegate.swift */ = {isa = PBXFileReference; lastKnownFileType = sourcecode.swift; path = AppDelegate.swift; sourceTree = "<group>"; };
		00DD9FEC1C4E10880071A570 /* Base */ = {isa = PBXFileReference; lastKnownFileType = file.storyboard; name = Base; path = Base.lproj/Main.storyboard; sourceTree = "<group>"; };
		00DD9FEE1C4E10880071A570 /* Assets.xcassets */ = {isa = PBXFileReference; lastKnownFileType = folder.assetcatalog; path = Assets.xcassets; sourceTree = "<group>"; };
		00DD9FF11C4E10880071A570 /* Base */ = {isa = PBXFileReference; lastKnownFileType = file.storyboard; name = Base; path = Base.lproj/LaunchScreen.storyboard; sourceTree = "<group>"; };
		00DD9FF31C4E10880071A570 /* Info.plist */ = {isa = PBXFileReference; lastKnownFileType = text.plist.xml; path = Info.plist; sourceTree = "<group>"; };
/* End PBXFileReference section */

/* Begin PBXFrameworksBuildPhase section */
		00DD9FE11C4E10880071A570 /* Frameworks */ = {
			isa = PBXFrameworksBuildPhase;
			buildActionMask = 2147483647;
			files = (
			);
			runOnlyForDeploymentPostprocessing = 0;
		};
/* End PBXFrameworksBuildPhase section */

/* Begin PBXGroup section */
		00920A191C4E11220020AB9E /* Supporting Files */ = {
			isa = PBXGroup;
			children = (
				00920A1B1C4E117E0020AB9E /* SWRevealViewController.m */,
				00920A1C1C4E117E0020AB9E /* SWRevealViewController.h */,
				00DD9FF31C4E10880071A570 /* Info.plist */,
				00920A1A1C4E117E0020AB9E /* app-ios-Bridging-Header.h */,
			);
			name = "Supporting Files";
			sourceTree = "<group>";
		};
		00DD9FDB1C4E10880071A570 = {
			isa = PBXGroup;
			children = (
				00DD9FE61C4E10880071A570 /* app-ios */,
				00DD9FE51C4E10880071A570 /* Products */,
			);
			sourceTree = "<group>";
		};
		00DD9FE51C4E10880071A570 /* Products */ = {
			isa = PBXGroup;
			children = (
				00DD9FE41C4E10880071A570 /* app-ios.app */,
			);
			name = Products;
			sourceTree = "<group>";
		};
		00DD9FE61C4E10880071A570 /* app-ios */ = {
			isa = PBXGroup;
			children = (
				00DD9FE71C4E10880071A570 /* AppDelegate.swift */,
				00DD9FEB1C4E10880071A570 /* Main.storyboard */,
				00920A221C4E211A0020AB9E /* Example1ViewController.swift */,
				00920A241C4E23D10020AB9E /* Example2ViewController.swift */,
				00920A281C4E28810020AB9E /* Tab1ViewController.swift */,
				00920A261C4E27FE0020AB9E /* Tab2ViewController.swift */,
				00DD9FEE1C4E10880071A570 /* Assets.xcassets */,
				00DD9FF01C4E10880071A570 /* LaunchScreen.storyboard */,
				00920A191C4E11220020AB9E /* Supporting Files */,
			);
			path = "app-ios";
			sourceTree = "<group>";
		};
/* End PBXGroup section */

/* Begin PBXNativeTarget section */
		00DD9FE31C4E10880071A570 /* app-ios */ = {
			isa = PBXNativeTarget;
			buildConfigurationList = 00DD9FF61C4E10880071A570 /* Build configuration list for PBXNativeTarget "app-ios" */;
			buildPhases = (
				00DD9FE01C4E10880071A570 /* Sources */,
				00DD9FE11C4E10880071A570 /* Frameworks */,
				00DD9FE21C4E10880071A570 /* Resources */,
			);
			buildRules = (
			);
			dependencies = (
			);
			name = "app-ios";
			productName = "app-ios";
			productReference = 00DD9FE41C4E10880071A570 /* app-ios.app */;
			productType = "com.apple.product-type.application";
		};
/* End PBXNativeTarget section */

/* Begin PBXProject section */
		00DD9FDC1C4E10880071A570 /* Project object */ = {
			isa = PBXProject;
			attributes = {
				LastSwiftUpdateCheck = 0720;
				LastUpgradeCheck = 0720;
				ORGANIZATIONNAME = "TT-ZG";
				TargetAttributes = {
					00DD9FE31C4E10880071A570 = {
						CreatedOnToolsVersion = 7.2;
						DevelopmentTeam = FWEBGBQ287;
					};
				};
			};
			buildConfigurationList = 00DD9FDF1C4E10880071A570 /* Build configuration list for PBXProject "app-ios" */;
			compatibilityVersion = "Xcode 3.2";
			developmentRegion = English;
			hasScannedForEncodings = 0;
			knownRegions = (
				en,
				Base,
			);
			mainGroup = 00DD9FDB1C4E10880071A570;
			productRefGroup = 00DD9FE51C4E10880071A570 /* Products */;
			projectDirPath = "";
			projectRoot = "";
			targets = (
				00DD9FE31C4E10880071A570 /* app-ios */,
			);
		};
/* End PBXProject section */

/* Begin PBXResourcesBuildPhase section */
		00DD9FE21C4E10880071A570 /* Resources */ = {
			isa = PBXResourcesBuildPhase;
			buildActionMask = 2147483647;
			files = (
				00DD9FF21C4E10880071A570 /* LaunchScreen.storyboard in Resources */,
				00DD9FEF1C4E10880071A570 /* Assets.xcassets in Resources */,
				00DD9FED1C4E10880071A570 /* Main.storyboard in Resources */,
			);
			runOnlyForDeploymentPostprocessing = 0;
		};
/* End PBXResourcesBuildPhase section */

/* Begin PBXSourcesBuildPhase section */
		00DD9FE01C4E10880071A570 /* Sources */ = {
			isa = PBXSourcesBuildPhase;
			buildActionMask = 2147483647;
			files = (
				00920A291C4E28810020AB9E /* Tab1ViewController.swift in Sources */,
				00DD9FE81C4E10880071A570 /* AppDelegate.swift in Sources */,
				00920A251C4E23D10020AB9E /* Example2ViewController.swift in Sources */,
				00920A1D1C4E117E0020AB9E /* SWRevealViewController.m in Sources */,
				00920A231C4E211A0020AB9E /* Example1ViewController.swift in Sources */,
				00920A271C4E27FE0020AB9E /* Tab2ViewController.swift in Sources */,
			);
			runOnlyForDeploymentPostprocessing = 0;
		};
/* End PBXSourcesBuildPhase section */

/* Begin PBXVariantGroup section */
		00DD9FEB1C4E10880071A570 /* Main.storyboard */ = {
			isa = PBXVariantGroup;
			children = (
				00DD9FEC1C4E10880071A570 /* Base */,
			);
			name = Main.storyboard;
			sourceTree = "<group>";
		};
		00DD9FF01C4E10880071A570 /* LaunchScreen.storyboard */ = {
			isa = PBXVariantGroup;
			children = (
				00DD9FF11C4E10880071A570 /* Base */,
			);
			name = LaunchScreen.storyboard;
			sourceTree = "<group>";
		};
/* End PBXVariantGroup section */

/* Begin XCBuildConfiguration section */
		00DD9FF41C4E10880071A570 /* Debug */ = {
			isa = XCBuildConfiguration;
			buildSettings = {
				ALWAYS_SEARCH_USER_PATHS = NO;
				CLANG_CXX_LANGUAGE_STANDARD = "gnu++0x";
				CLANG_CXX_LIBRARY = "libc++";
				CLANG_ENABLE_MODULES = YES;
				CLANG_ENABLE_OBJC_ARC = YES;
				CLANG_WARN_BOOL_CONVERSION = YES;
				CLANG_WARN_CONSTANT_CONVERSION = YES;
				CLANG_WARN_DIRECT_OBJC_ISA_USAGE = YES_ERROR;
				CLANG_WARN_EMPTY_BODY = YES;
				CLANG_WARN_ENUM_CONVERSION = YES;
				CLANG_WARN_INT_CONVERSION = YES;
				CLANG_WARN_OBJC_ROOT_CLASS = YES_ERROR;
				CLANG_WARN_UNREACHABLE_CODE = YES;
				CLANG_WARN__DUPLICATE_METHOD_MATCH = YES;
				"CODE_SIGN_IDENTITY[sdk=iphoneos*]" = "iPhone Developer";
				COPY_PHASE_STRIP = NO;
				DEBUG_INFORMATION_FORMAT = dwarf;
				ENABLE_STRICT_OBJC_MSGSEND = YES;
				ENABLE_TESTABILITY = YES;
				GCC_C_LANGUAGE_STANDARD = gnu99;
				GCC_DYNAMIC_NO_PIC = NO;
				GCC_NO_COMMON_BLOCKS = YES;
				GCC_OPTIMIZATION_LEVEL = 0;
				GCC_PREPROCESSOR_DEFINITIONS = (
					"DEBUG=1",
					"$(inherited)",
				);
				GCC_WARN_64_TO_32_BIT_CONVERSION = YES;
				GCC_WARN_ABOUT_RETURN_TYPE = YES_ERROR;
				GCC_WARN_UNDECLARED_SELECTOR = YES;
				GCC_WARN_UNINITIALIZED_AUTOS = YES_AGGRESSIVE;
				GCC_WARN_UNUSED_FUNCTION = YES;
				GCC_WARN_UNUSED_VARIABLE = YES;
				IPHONEOS_DEPLOYMENT_TARGET = 9.2;
				MTL_ENABLE_DEBUG_INFO = YES;
				ONLY_ACTIVE_ARCH = YES;
				SDKROOT = iphoneos;
				SWIFT_OPTIMIZATION_LEVEL = "-Onone";
			};
			name = Debug;
		};
		00DD9FF51C4E10880071A570 /* Release */ = {
			isa = XCBuildConfiguration;
			buildSettings = {
				ALWAYS_SEARCH_USER_PATHS = NO;
				CLANG_CXX_LANGUAGE_STANDARD = "gnu++0x";
				CLANG_CXX_LIBRARY = "libc++";
				CLANG_ENABLE_MODULES = YES;
				CLANG_ENABLE_OBJC_ARC = YES;
				CLANG_WARN_BOOL_CONVERSION = YES;
				CLANG_WARN_CONSTANT_CONVERSION = YES;
				CLANG_WARN_DIRECT_OBJC_ISA_USAGE = YES_ERROR;
				CLANG_WARN_EMPTY_BODY = YES;
				CLANG_WARN_ENUM_CONVERSION = YES;
				CLANG_WARN_INT_CONVERSION = YES;
				CLANG_WARN_OBJC_ROOT_CLASS = YES_ERROR;
				CLANG_WARN_UNREACHABLE_CODE = YES;
				CLANG_WARN__DUPLICATE_METHOD_MATCH = YES;
				"CODE_SIGN_IDENTITY[sdk=iphoneos*]" = "iPhone Developer";
				COPY_PHASE_STRIP = NO;
				DEBUG_INFORMATION_FORMAT = "dwarf-with-dsym";
				ENABLE_NS_ASSERTIONS = NO;
				ENABLE_STRICT_OBJC_MSGSEND = YES;
				GCC_C_LANGUAGE_STANDARD = gnu99;
				GCC_NO_COMMON_BLOCKS = YES;
				GCC_WARN_64_TO_32_BIT_CONVERSION = YES;
				GCC_WARN_ABOUT_RETURN_TYPE = YES_ERROR;
				GCC_WARN_UNDECLARED_SELECTOR = YES;
				GCC_WARN_UNINITIALIZED_AUTOS = YES_AGGRESSIVE;
				GCC_WARN_UNUSED_FUNCTION = YES;
				GCC_WARN_UNUSED_VARIABLE = YES;
				IPHONEOS_DEPLOYMENT_TARGET = 9.2;
				MTL_ENABLE_DEBUG_INFO = NO;
				SDKROOT = iphoneos;
				VALIDATE_PRODUCT = YES;
			};
			name = Release;
		};
		00DD9FF71C4E10880071A570 /* Debug */ = {
			isa = XCBuildConfiguration;
			buildSettings = {
				ASSETCATALOG_COMPILER_APPICON_NAME = AppIcon;
				CLANG_ENABLE_MODULES = YES;
				CODE_SIGN_IDENTITY = "iPhone Developer";
				"CODE_SIGN_IDENTITY[sdk=iphoneos*]" = "iPhone Developer";
				INFOPLIST_FILE = "app-ios/Info.plist";
				LD_RUNPATH_SEARCH_PATHS = "$(inherited) @executable_path/Frameworks";
				PRODUCT_BUNDLE_IDENTIFIER = "jm-mp.app-ios";
				PRODUCT_NAME = "$(TARGET_NAME)";
				PROVISIONING_PROFILE = "";
				SWIFT_OBJC_BRIDGING_HEADER = "app-ios/app-ios-Bridging-Header.h";
				SWIFT_OPTIMIZATION_LEVEL = "-Onone";
			};
			name = Debug;
		};
		00DD9FF81C4E10880071A570 /* Release */ = {
			isa = XCBuildConfiguration;
			buildSettings = {
				ASSETCATALOG_COMPILER_APPICON_NAME = AppIcon;
				CLANG_ENABLE_MODULES = YES;
				CODE_SIGN_IDENTITY = "iPhone Developer";
				"CODE_SIGN_IDENTITY[sdk=iphoneos*]" = "iPhone Developer";
				INFOPLIST_FILE = "app-ios/Info.plist";
				LD_RUNPATH_SEARCH_PATHS = "$(inherited) @executable_path/Frameworks";
				PRODUCT_BUNDLE_IDENTIFIER = "jm-mp.app-ios";
				PRODUCT_NAME = "$(TARGET_NAME)";
				PROVISIONING_PROFILE = "";
				SWIFT_OBJC_BRIDGING_HEADER = "app-ios/app-ios-Bridging-Header.h";
			};
			name = Release;
		};
/* End XCBuildConfiguration section */

/* Begin XCConfigurationList section */
		00DD9FDF1C4E10880071A570 /* Build configuration list for PBXProject "app-ios" */ = {
			isa = XCConfigurationList;
			buildConfigurations = (
				00DD9FF41C4E10880071A570 /* Debug */,
				00DD9FF51C4E10880071A570 /* Release */,
			);
			defaultConfigurationIsVisible = 0;
			defaultConfigurationName = Release;
		};
		00DD9FF61C4E10880071A570 /* Build configuration list for PBXNativeTarget "app-ios" */ = {
			isa = XCConfigurationList;
			buildConfigurations = (
				00DD9FF71C4E10880071A570 /* Debug */,
				00DD9FF81C4E10880071A570 /* Release */,
			);
			defaultConfigurationIsVisible = 0;
			defaultConfigurationName = Release;
		};
/* End XCConfigurationList section */
	};
	rootObject = 00DD9FDC1C4E10880071A570 /* Project object */;
}
